
Microsoft Visual Studio Solution File, Format Version 12.00
# Visual Studio Version 16
VisualStudioVersion = 16.0.30330.147
MinimumVisualStudioVersion = 10.0.40219.1
Project("{9A19103F-16F7-4668-BE54-9A1E7A4F7556}") = "AppGlobal", "AppGlobal\AppGlobal.csproj", "{50170051-FFF4-4DE2-971E-0B19EB0CB8D1}"
EndProject
Project("{FAE04EC0-301F-11D3-BF4B-00C04F79EFBC}") = "Api", "Api\Api.csproj", "{56D60C6B-3C94-419A-A69E-AD0EC887542F}"
EndProject
Global
	GlobalSection(SolutionConfigurationPlatforms) = preSolution
		Debug|Any CPU = Debug|Any CPU
		Release|Any CPU = Release|Any CPU
	EndGlobalSection
	GlobalSection(ProjectConfigurationPlatforms) = postSolution
		{50170051-FFF4-4DE2-971E-0B19EB0CB8D1}.Debug|Any CPU.ActiveCfg = Debug|Any CPU
		{50170051-FFF4-4DE2-971E-0B19EB0CB8D1}.Debug|Any CPU.Build.0 = Debug|Any CPU
		{50170051-FFF4-4DE2-971E-0B19EB0CB8D1}.Release|Any CPU.ActiveCfg = Release|Any CPU
		{50170051-FFF4-4DE2-971E-0B19EB0CB8D1}.Release|Any CPU.Build.0 = Release|Any CPU
		{56D60C6B-3C94-419A-A69E-AD0EC887542F}.Debug|Any CPU.ActiveCfg = Debug|Any CPU
		{56D60C6B-3C94-419A-A69E-AD0EC887542F}.Debug|Any CPU.Build.0 = Debug|Any CPU
		{56D60C6B-3C94-419A-A69E-AD0EC887542F}.Release|Any CPU.ActiveCfg = Release|Any CPU
		{56D60C6B-3C94-419A-A69E-AD0EC887542F}.Release|Any CPU.Build.0 = Release|Any CPU
	EndGlobalSection
	GlobalSection(SolutionProperties) = preSolution
		HideSolutionNode = FALSE
	EndGlobalSection
	GlobalSection(ExtensibilityGlobals) = postSolution
		SolutionGuid = {175428B9-FF0B-4289-8603-A58B0EA113E9}
	EndGlobalSection
EndGlobal
